
Microsoft Visual Studio Solution File, Format Version 12.00
Project("{FAE04EC0-301F-11D3-BF4B-00C04F79EFBC}") = "Tracer.Core", "Tracer.Core\Tracer.Core.csproj", "{CA403FFA-EB88-4F6C-ABB9-DFA557FFB167}"
EndProject
Project("{FAE04EC0-301F-11D3-BF4B-00C04F79EFBC}") = "Tracer.Serialization.Abstractions", "Tracer.Serialization.Abstractions\Tracer.Serialization.Abstractions.csproj", "{EEAA11C6-2F19-49AE-888C-E1A9FDA0C2F4}"
EndProject
Project("{FAE04EC0-301F-11D3-BF4B-00C04F79EFBC}") = "Tracer.Example", "Tracer.Example\Tracer.Example.csproj", "{C4D5F2BD-9AA3-4325-9778-14E99EC5A6D3}"
EndProject
Project("{FAE04EC0-301F-11D3-BF4B-00C04F79EFBC}") = "Tracer.Serialization", "Tracer.Serialization\Tracer.Serialization.csproj", "{A1B2C3D4-E5F6-7890-ABCD-EF1234567890}"
EndProject
Project("{FAE04EC0-301F-11D3-BF4B-00C04F79EFBC}") = "Tracer.Core.Tests", "Tracer.Core.Tests\Tracer.Core.Tests.csproj", "{B2C3D4E5-F6A7-8901-BCDE-F12345678901}"
EndProject
Global
	GlobalSection(SolutionConfigurationPlatforms) = preSolution
		Debug|Any CPU = Debug|Any CPU
		Release|Any CPU = Release|Any CPU
	EndGlobalSection
	GlobalSection(ProjectConfigurationPlatforms) = postSolution
		{CA403FFA-EB88-4F6C-ABB9-DFA557FFB167}.Debug|Any CPU.ActiveCfg = Debug|Any CPU
		{CA403FFA-EB88-4F6C-ABB9-DFA557FFB167}.Debug|Any CPU.Build.0 = Debug|Any CPU
		{CA403FFA-EB88-4F6C-ABB9-DFA557FFB167}.Release|Any CPU.ActiveCfg = Release|Any CPU
		{CA403FFA-EB88-4F6C-ABB9-DFA557FFB167}.Release|Any CPU.Build.0 = Release|Any CPU
		{EEAA11C6-2F19-49AE-888C-E1A9FDA0C2F4}.Debug|Any CPU.ActiveCfg = Debug|Any CPU
		{EEAA11C6-2F19-49AE-888C-E1A9FDA0C2F4}.Debug|Any CPU.Build.0 = Debug|Any CPU
		{EEAA11C6-2F19-49AE-888C-E1A9FDA0C2F4}.Release|Any CPU.ActiveCfg = Release|Any CPU
		{EEAA11C6-2F19-49AE-888C-E1A9FDA0C2F4}.Release|Any CPU.Build.0 = Release|Any CPU
		{C4D5F2BD-9AA3-4325-9778-14E99EC5A6D3}.Debug|Any CPU.ActiveCfg = Debug|Any CPU
		{C4D5F2BD-9AA3-4325-9778-14E99EC5A6D3}.Debug|Any CPU.Build.0 = Debug|Any CPU
		{C4D5F2BD-9AA3-4325-9778-14E99EC5A6D3}.Release|Any CPU.ActiveCfg = Release|Any CPU
		{C4D5F2BD-9AA3-4325-9778-14E99EC5A6D3}.Release|Any CPU.Build.0 = Release|Any CPU
		{A1B2C3D4-E5F6-7890-ABCD-EF1234567890}.Debug|Any CPU.ActiveCfg = Debug|Any CPU
		{A1B2C3D4-E5F6-7890-ABCD-EF1234567890}.Debug|Any CPU.Build.0 = Debug|Any CPU
		{A1B2C3D4-E5F6-7890-ABCD-EF1234567890}.Release|Any CPU.ActiveCfg = Release|Any CPU
		{A1B2C3D4-E5F6-7890-ABCD-EF1234567890}.Release|Any CPU.Build.0 = Release|Any CPU
		{B2C3D4E5-F6A7-8901-BCDE-F12345678901}.Debug|Any CPU.ActiveCfg = Debug|Any CPU
		{B2C3D4E5-F6A7-8901-BCDE-F12345678901}.Debug|Any CPU.Build.0 = Debug|Any CPU
		{B2C3D4E5-F6A7-8901-BCDE-F12345678901}.Release|Any CPU.ActiveCfg = Release|Any CPU
		{B2C3D4E5-F6A7-8901-BCDE-F12345678901}.Release|Any CPU.Build.0 = Release|Any CPU
	EndGlobalSection
EndGlobal
